
Microsoft Visual Studio Solution File, Format Version 12.00
# Visual Studio Version 17
VisualStudioVersion = 17.0.31903.59
MinimumVisualStudioVersion = 10.0.40219.1
Project("{9A19103F-16F7-4668-BE54-9A1E7A4F7556}") = "ElementalHearts", "ElementalHearts.csproj", "{CCE0D2E4-6B5A-4D29-B575-0831E166C42B}"
EndProject
Global
	GlobalSection(SolutionConfigurationPlatforms) = preSolution
		Debug|Any CPU = Debug|Any CPU
		Release|Any CPU = Release|Any CPU
	EndGlobalSection
	GlobalSection(ProjectConfigurationPlatforms) = postSolution
		{CCE0D2E4-6B5A-4D29-B575-0831E166C42B}.Debug|Any CPU.ActiveCfg = Debug|Any CPU
		{CCE0D2E4-6B5A-4D29-B575-0831E166C42B}.Debug|Any CPU.Build.0 = Debug|Any CPU
		{CCE0D2E4-6B5A-4D29-B575-0831E166C42B}.Release|Any CPU.ActiveCfg = Release|Any CPU
		{CCE0D2E4-6B5A-4D29-B575-0831E166C42B}.Release|Any CPU.Build.0 = Release|Any CPU
	EndGlobalSection
	GlobalSection(SolutionProperties) = preSolution
		HideSolutionNode = FALSE
	EndGlobalSection
	GlobalSection(ExtensibilityGlobals) = postSolution
		SolutionGuid = {EA8585DF-D5AF-4686-99AC-63ECAE03728E}
	EndGlobalSection
EndGlobal
